
Microsoft Visual Studio Solution File, Format Version 12.00
# Visual Studio Version 17
VisualStudioVersion = 17.11.35208.52
MinimumVisualStudioVersion = 10.0.40219.1
Project("{FAE04EC0-301F-11D3-BF4B-00C04F79EFBC}") = "QansApiV2", "QansApiV2\QansApiV2.csproj", "{9C0055DC-738C-4262-B7BB-0EEC153300FA}"
EndProject
Global
	GlobalSection(SolutionConfigurationPlatforms) = preSolution
		Debug|Any CPU = Debug|Any CPU
		Release|Any CPU = Release|Any CPU
	EndGlobalSection
	GlobalSection(ProjectConfigurationPlatforms) = postSolution
		{9C0055DC-738C-4262-B7BB-0EEC153300FA}.Debug|Any CPU.ActiveCfg = Debug|Any CPU
		{9C0055DC-738C-4262-B7BB-0EEC153300FA}.Debug|Any CPU.Build.0 = Debug|Any CPU
		{9C0055DC-738C-4262-B7BB-0EEC153300FA}.Release|Any CPU.ActiveCfg = Release|Any CPU
		{9C0055DC-738C-4262-B7BB-0EEC153300FA}.Release|Any CPU.Build.0 = Release|Any CPU
	EndGlobalSection
	GlobalSection(SolutionProperties) = preSolution
		HideSolutionNode = FALSE
	EndGlobalSection
	GlobalSection(ExtensibilityGlobals) = postSolution
		SolutionGuid = {3D9A9FDC-7EFD-4F0A-AA4D-CAB47CD3697A}
	EndGlobalSection
EndGlobal
